{
  "originHash" : "a1ccf66895a1d16d51756b59112c72cd44dcf975ece4359c0052b5e13e27ad12",
  "pins" : [
    {
      "identity" : "sparkle",
      "kind" : "remoteSourceControl",
      "location" : "https://github.com/sparkle-project/Sparkle",
      "state" : {
        "revision" : "ac2def288cbff5cfc7df3ffef6abdf45b72bcb0a",
        "version" : "2.9.6"
      }
    },
    {
      "identity" : "swift-argument-parser",
      "kind" : "remoteSourceControl",
      "location" : "https://github.com/apple/swift-argument-parser",
      "state" : {
        "revision" : "6a52f3251125d74daf04fcbd5e6f08a75d074382",
        "version" : "1.8.2"
      }
    },
    {
      "identity" : "swiftterm",
      "kind" : "remoteSourceControl",
      "location" : "https://github.com/ril3y/SwiftTerm.git",
      "state" : {
        "branch" : "feature/translucent-cell-backgrounds",
        "revision" : "968fa6fd38f0efed7e614d470a6dee9326924088"
      }
    }
  ],
  "version" : 3
}
